
Microsoft Visual Studio Solution File, Format Version 12.00
# Visual Studio Version 16
VisualStudioVersion = 16.0.29609.76
MinimumVisualStudioVersion = 10.0.40219.1
Project("{FAE04EC0-301F-11D3-BF4B-00C04F79EFBC}") = "Contribuinte", "Contribuinte.csproj", "{9C82A1B0-574A-4813-B058-A45CFE41FC6E}"
EndProject
Global
	GlobalSection(SolutionConfigurationPlatforms) = preSolution
		Debug|Any CPU = Debug|Any CPU
		Release|Any CPU = Release|Any CPU
	EndGlobalSection
	GlobalSection(ProjectConfigurationPlatforms) = postSolution
		{9C82A1B0-574A-4813-B058-A45CFE41FC6E}.Debug|Any CPU.ActiveCfg = Debug|Any CPU
		{9C82A1B0-574A-4813-B058-A45CFE41FC6E}.Debug|Any CPU.Build.0 = Debug|Any CPU
		{9C82A1B0-574A-4813-B058-A45CFE41FC6E}.Release|Any CPU.ActiveCfg = Release|Any CPU
		{9C82A1B0-574A-4813-B058-A45CFE41FC6E}.Release|Any CPU.Build.0 = Release|Any CPU
	EndGlobalSection
	GlobalSection(SolutionProperties) = preSolution
		HideSolutionNode = FALSE
	EndGlobalSection
	GlobalSection(ExtensibilityGlobals) = postSolution
		SolutionGuid = {CEC75AC8-2577-4607-9784-406774E8EF45}
	EndGlobalSection
EndGlobal
